
Microsoft Visual Studio Solution File, Format Version 12.00
# Visual Studio 15
Project("{FAE04EC0-301F-11D3-BF4B-00C04F79EFBC}") = "SnepSharp.Snep", "SnepSharp.Snep\SnepSharp.Snep.csproj", "{A783A0A6-4149-456F-AFF9-97AE4CB08C73}"
EndProject
Project("{FAE04EC0-301F-11D3-BF4B-00C04F79EFBC}") = "SnepSharp.Llcp", "SnepSharp.Llcp\SnepSharp.Llcp.csproj", "{F05C5272-CBCB-4E5D-B4CF-A532AF6192C8}"
EndProject
Project("{FAE04EC0-301F-11D3-BF4B-00C04F79EFBC}") = "SnepSharp.Ndef", "SnepSharp.Ndef\SnepSharp.Ndef.csproj", "{21B57407-3801-4086-8B8F-2F84B1CF3B23}"
EndProject
Project("{FAE04EC0-301F-11D3-BF4B-00C04F79EFBC}") = "SnepSharp.Common", "SnepSharp.Common\SnepSharp.Common.csproj", "{F97DBB58-EFC5-4C26-A826-340EC9D84FC2}"
EndProject
Global
	GlobalSection(SolutionConfigurationPlatforms) = preSolution
		Debug|Any CPU = Debug|Any CPU
		Release|Any CPU = Release|Any CPU
	EndGlobalSection
	GlobalSection(ProjectConfigurationPlatforms) = postSolution
		{A783A0A6-4149-456F-AFF9-97AE4CB08C73}.Debug|Any CPU.ActiveCfg = Debug|Any CPU
		{A783A0A6-4149-456F-AFF9-97AE4CB08C73}.Debug|Any CPU.Build.0 = Debug|Any CPU
		{A783A0A6-4149-456F-AFF9-97AE4CB08C73}.Release|Any CPU.ActiveCfg = Release|Any CPU
		{A783A0A6-4149-456F-AFF9-97AE4CB08C73}.Release|Any CPU.Build.0 = Release|Any CPU
		{F05C5272-CBCB-4E5D-B4CF-A532AF6192C8}.Debug|Any CPU.ActiveCfg = Debug|Any CPU
		{F05C5272-CBCB-4E5D-B4CF-A532AF6192C8}.Debug|Any CPU.Build.0 = Debug|Any CPU
		{F05C5272-CBCB-4E5D-B4CF-A532AF6192C8}.Release|Any CPU.ActiveCfg = Release|Any CPU
		{F05C5272-CBCB-4E5D-B4CF-A532AF6192C8}.Release|Any CPU.Build.0 = Release|Any CPU
		{21B57407-3801-4086-8B8F-2F84B1CF3B23}.Debug|Any CPU.ActiveCfg = Debug|Any CPU
		{21B57407-3801-4086-8B8F-2F84B1CF3B23}.Debug|Any CPU.Build.0 = Debug|Any CPU
		{21B57407-3801-4086-8B8F-2F84B1CF3B23}.Release|Any CPU.ActiveCfg = Release|Any CPU
		{21B57407-3801-4086-8B8F-2F84B1CF3B23}.Release|Any CPU.Build.0 = Release|Any CPU
		{F97DBB58-EFC5-4C26-A826-340EC9D84FC2}.Debug|Any CPU.ActiveCfg = Debug|Any CPU
		{F97DBB58-EFC5-4C26-A826-340EC9D84FC2}.Debug|Any CPU.Build.0 = Debug|Any CPU
		{F97DBB58-EFC5-4C26-A826-340EC9D84FC2}.Release|Any CPU.ActiveCfg = Release|Any CPU
		{F97DBB58-EFC5-4C26-A826-340EC9D84FC2}.Release|Any CPU.Build.0 = Release|Any CPU
	EndGlobalSection
EndGlobal
